
Microsoft Visual Studio Solution File, Format Version 12.00
# Visual Studio 14
VisualStudioVersion = 14.0.23107.0
MinimumVisualStudioVersion = 10.0.40219.1
Project("{FAE04EC0-301F-11D3-BF4B-00C04F79EFBC}") = "Arrowgene.Ez2Off", "Arrowgene.Ez2Off\Arrowgene.Ez2Off.csproj", "{292B623F-3664-4E84-B4B1-E2E0EFEE531E}"
EndProject
Project("{FAE04EC0-301F-11D3-BF4B-00C04F79EFBC}") = "Arrowgene.Ez2Off.CLI", "Arrowgene.Ez2Off.CLI\Arrowgene.Ez2Off.CLI.csproj", "{8D6B3C9D-1572-406A-B5D6-E8CCD411223A}"
EndProject
Global
	GlobalSection(SolutionConfigurationPlatforms) = preSolution
		Debug|Any CPU = Debug|Any CPU
		Release|Any CPU = Release|Any CPU
	EndGlobalSection
	GlobalSection(ProjectConfigurationPlatforms) = postSolution
		{292B623F-3664-4E84-B4B1-E2E0EFEE531E}.Debug|Any CPU.ActiveCfg = Debug|Any CPU
		{292B623F-3664-4E84-B4B1-E2E0EFEE531E}.Debug|Any CPU.Build.0 = Debug|Any CPU
		{292B623F-3664-4E84-B4B1-E2E0EFEE531E}.Release|Any CPU.ActiveCfg = Release|Any CPU
		{292B623F-3664-4E84-B4B1-E2E0EFEE531E}.Release|Any CPU.Build.0 = Release|Any CPU
		{8D6B3C9D-1572-406A-B5D6-E8CCD411223A}.Debug|Any CPU.ActiveCfg = Debug|Any CPU
		{8D6B3C9D-1572-406A-B5D6-E8CCD411223A}.Debug|Any CPU.Build.0 = Debug|Any CPU
		{8D6B3C9D-1572-406A-B5D6-E8CCD411223A}.Release|Any CPU.ActiveCfg = Release|Any CPU
		{8D6B3C9D-1572-406A-B5D6-E8CCD411223A}.Release|Any CPU.Build.0 = Release|Any CPU
	EndGlobalSection
	GlobalSection(SolutionProperties) = preSolution
		HideSolutionNode = FALSE
	EndGlobalSection
EndGlobal
